// !$*UTF8*$!
{
	archiveVersion = 1;
	classes = {
	};
	objectVersion = 55;
	objects = {

/* Begin PBXBuildFile section */
		5E41DC1D292C266200587541 /* AuthViewController.swift in Sources */ = {isa = PBXBuildFile; fileRef = 5E41DC1C292C266200587541 /* AuthViewController.swift */; };
		5E538D16292D83C300DD0EA3 /* K.swift in Sources */ = {isa = PBXBuildFile; fileRef = 5E538D15292D83C300DD0EA3 /* K.swift */; };
		5E538D18292D93D100DD0EA3 /* RegisterViewController.swift in Sources */ = {isa = PBXBuildFile; fileRef = 5E538D17292D93D100DD0EA3 /* RegisterViewController.swift */; };
		5EA63192292437F30097049B /* Trends.swift in Sources */ = {isa = PBXBuildFile; fileRef = 5EA63191292437F30097049B /* Trends.swift */; };
		5EA63194292594CE0097049B /* CustomTabBar.swift in Sources */ = {isa = PBXBuildFile; fileRef = 5EA63193292594CE0097049B /* CustomTabBar.swift */; };
		5EADB99B292038B7004E2F47 /* ProfileViewController.swift in Sources */ = {isa = PBXBuildFile; fileRef = 5EADB99A292038B7004E2F47 /* ProfileViewController.swift */; };
		5EADB99D29203936004E2F47 /* CustomTabBarController.swift in Sources */ = {isa = PBXBuildFile; fileRef = 5EADB99C29203936004E2F47 /* CustomTabBarController.swift */; };
		5ECC9B3E2921A64100518A4B /* RecipeCell.swift in Sources */ = {isa = PBXBuildFile; fileRef = 5ECC9B3D2921A64100518A4B /* RecipeCell.swift */; };
		5ED0ED1D2919AC8F00C61CB4 /* AppDelegate.swift in Sources */ = {isa = PBXBuildFile; fileRef = 5ED0ED1C2919AC8F00C61CB4 /* AppDelegate.swift */; };
		5ED0ED1F2919AC8F00C61CB4 /* SceneDelegate.swift in Sources */ = {isa = PBXBuildFile; fileRef = 5ED0ED1E2919AC8F00C61CB4 /* SceneDelegate.swift */; };
		5ED0ED212919AC8F00C61CB4 /* HomeViewController.swift in Sources */ = {isa = PBXBuildFile; fileRef = 5ED0ED202919AC8F00C61CB4 /* HomeViewController.swift */; };
		5ED0ED262919AC9000C61CB4 /* Assets.xcassets in Resources */ = {isa = PBXBuildFile; fileRef = 5ED0ED252919AC9000C61CB4 /* Assets.xcassets */; };
		5ED0ED292919AC9000C61CB4 /* LaunchScreen.storyboard in Resources */ = {isa = PBXBuildFile; fileRef = 5ED0ED272919AC9000C61CB4 /* LaunchScreen.storyboard */; };
		5EEAC7962922C97F00A8D72C /* AuthorizationButton.swift in Sources */ = {isa = PBXBuildFile; fileRef = 5EEAC7952922C97F00A8D72C /* AuthorizationButton.swift */; };
		5EEAC7982922D0D200A8D72C /* Auth.swift in Sources */ = {isa = PBXBuildFile; fileRef = 5EEAC7972922D0D200A8D72C /* Auth.swift */; };
		5EEAC79B2922D35200A8D72C /* LoginRegisterViewController.swift in Sources */ = {isa = PBXBuildFile; fileRef = 5EEAC79A2922D35200A8D72C /* LoginRegisterViewController.swift */; };
		5EF18F8F292E73EA003BB0B8 /* GoogleService-Info.plist in Resources */ = {isa = PBXBuildFile; fileRef = 5EF18F8E292E73EA003BB0B8 /* GoogleService-Info.plist */; };
		B2EBECF0BA5B18BC8F405552 /* Pods_receipe.framework in Frameworks */ = {isa = PBXBuildFile; fileRef = D5130F07F7A76989A1DB583F /* Pods_receipe.framework */; };
/* End PBXBuildFile section */

/* Begin PBXFileReference section */
		5E41DC1C292C266200587541 /* AuthViewController.swift */ = {isa = PBXFileReference; lastKnownFileType = sourcecode.swift; path = AuthViewController.swift; sourceTree = "<group>"; };
		5E538D15292D83C300DD0EA3 /* K.swift */ = {isa = PBXFileReference; lastKnownFileType = sourcecode.swift; path = K.swift; sourceTree = "<group>"; };
		5E538D17292D93D100DD0EA3 /* RegisterViewController.swift */ = {isa = PBXFileReference; lastKnownFileType = sourcecode.swift; path = RegisterViewController.swift; sourceTree = "<group>"; };
		5EA63191292437F30097049B /* Trends.swift */ = {isa = PBXFileReference; lastKnownFileType = sourcecode.swift; path = Trends.swift; sourceTree = "<group>"; };
		5EA63193292594CE0097049B /* CustomTabBar.swift */ = {isa = PBXFileReference; lastKnownFileType = sourcecode.swift; path = CustomTabBar.swift; sourceTree = "<group>"; };
		5EADB99A292038B7004E2F47 /* ProfileViewController.swift */ = {isa = PBXFileReference; lastKnownFileType = sourcecode.swift; path = ProfileViewController.swift; sourceTree = "<group>"; };
		5EADB99C29203936004E2F47 /* CustomTabBarController.swift */ = {isa = PBXFileReference; lastKnownFileType = sourcecode.swift; path = CustomTabBarController.swift; sourceTree = "<group>"; };
		5ECC9B3D2921A64100518A4B /* RecipeCell.swift */ = {isa = PBXFileReference; lastKnownFileType = sourcecode.swift; path = RecipeCell.swift; sourceTree = "<group>"; };
		5ED0ED192919AC8F00C61CB4 /* receipe.app */ = {isa = PBXFileReference; explicitFileType = wrapper.application; includeInIndex = 0; path = receipe.app; sourceTree = BUILT_PRODUCTS_DIR; };
		5ED0ED1C2919AC8F00C61CB4 /* AppDelegate.swift */ = {isa = PBXFileReference; lastKnownFileType = sourcecode.swift; path = AppDelegate.swift; sourceTree = "<group>"; };
		5ED0ED1E2919AC8F00C61CB4 /* SceneDelegate.swift */ = {isa = PBXFileReference; lastKnownFileType = sourcecode.swift; path = SceneDelegate.swift; sourceTree = "<group>"; };
		5ED0ED202919AC8F00C61CB4 /* HomeViewController.swift */ = {isa = PBXFileReference; lastKnownFileType = sourcecode.swift; path = HomeViewController.swift; sourceTree = "<group>"; };
		5ED0ED252919AC9000C61CB4 /* Assets.xcassets */ = {isa = PBXFileReference; lastKnownFileType = folder.assetcatalog; path = Assets.xcassets; sourceTree = "<group>"; };
		5ED0ED282919AC9000C61CB4 /* Base */ = {isa = PBXFileReference; lastKnownFileType = file.storyboard; name = Base; path = Base.lproj/LaunchScreen.storyboard; sourceTree = "<group>"; };
		5ED0ED2A2919AC9000C61CB4 /* Info.plist */ = {isa = PBXFileReference; lastKnownFileType = text.plist.xml; path = Info.plist; sourceTree = "<group>"; };
		5EEAC7952922C97F00A8D72C /* AuthorizationButton.swift */ = {isa = PBXFileReference; lastKnownFileType = sourcecode.swift; path = AuthorizationButton.swift; sourceTree = "<group>"; };
		5EEAC7972922D0D200A8D72C /* Auth.swift */ = {isa = PBXFileReference; lastKnownFileType = sourcecode.swift; path = Auth.swift; sourceTree = "<group>"; };
		5EEAC79A2922D35200A8D72C /* LoginRegisterViewController.swift */ = {isa = PBXFileReference; lastKnownFileType = sourcecode.swift; path = LoginRegisterViewController.swift; sourceTree = "<group>"; };
		5EF18F8E292E73EA003BB0B8 /* GoogleService-Info.plist */ = {isa = PBXFileReference; fileEncoding = 4; lastKnownFileType = text.plist.xml; name = "GoogleService-Info.plist"; path = "../../../Desktop/GoogleService-Info.plist"; sourceTree = "<group>"; };
		6B1B0E058E19CE4A2C328C49 /* Pods-receipe.debug.xcconfig */ = {isa = PBXFileReference; includeInIndex = 1; lastKnownFileType = text.xcconfig; name = "Pods-receipe.debug.xcconfig"; path = "Target Support Files/Pods-receipe/Pods-receipe.debug.xcconfig"; sourceTree = "<group>"; };
		7BDED87FA62878B6E20FC974 /* Pods-receipe.release.xcconfig */ = {isa = PBXFileReference; includeInIndex = 1; lastKnownFileType = text.xcconfig; name = "Pods-receipe.release.xcconfig"; path = "Target Support Files/Pods-receipe/Pods-receipe.release.xcconfig"; sourceTree = "<group>"; };
		D5130F07F7A76989A1DB583F /* Pods_receipe.framework */ = {isa = PBXFileReference; explicitFileType = wrapper.framework; includeInIndex = 0; path = Pods_receipe.framework; sourceTree = BUILT_PRODUCTS_DIR; };
/* End PBXFileReference section */

/* Begin PBXFrameworksBuildPhase section */
		5ED0ED162919AC8F00C61CB4 /* Frameworks */ = {
			isa = PBXFrameworksBuildPhase;
			buildActionMask = 2147483647;
			files = (
				B2EBECF0BA5B18BC8F405552 /* Pods_receipe.framework in Frameworks */,
			);
			runOnlyForDeploymentPostprocessing = 0;
		};
/* End PBXFrameworksBuildPhase section */

/* Begin PBXGroup section */
		5E538D14292D83AE00DD0EA3 /* Constants */ = {
			isa = PBXGroup;
			children = (
				5E538D15292D83C300DD0EA3 /* K.swift */,
			);
			path = Constants;
			sourceTree = "<group>";
		};
		5ECC9B3B2921A5E200518A4B /* Controllers */ = {
			isa = PBXGroup;
			children = (
				5EADB99C29203936004E2F47 /* CustomTabBarController.swift */,
				5ED0ED202919AC8F00C61CB4 /* HomeViewController.swift */,
				5EADB99A292038B7004E2F47 /* ProfileViewController.swift */,
				5EEAC79A2922D35200A8D72C /* LoginRegisterViewController.swift */,
				5E41DC1C292C266200587541 /* AuthViewController.swift */,
				5E538D17292D93D100DD0EA3 /* RegisterViewController.swift */,
			);
			path = Controllers;
			sourceTree = "<group>";
		};
		5ECC9B3C2921A62F00518A4B /* Views */ = {
			isa = PBXGroup;
			children = (
				5EA63193292594CE0097049B /* CustomTabBar.swift */,
				5ECC9B3D2921A64100518A4B /* RecipeCell.swift */,
				5EEAC7952922C97F00A8D72C /* AuthorizationButton.swift */,
				5EA63191292437F30097049B /* Trends.swift */,
			);
			path = Views;
			sourceTree = "<group>";
		};
		5ED0ED102919AC8E00C61CB4 = {
			isa = PBXGroup;
			children = (
				5ED0ED1B2919AC8F00C61CB4 /* receipe */,
				5ED0ED1A2919AC8F00C61CB4 /* Products */,
				E913D03F5FDC39B2FC2A108F /* Pods */,
				BC4FEC8525BECD65651C5872 /* Frameworks */,
			);
			sourceTree = "<group>";
		};
		5ED0ED1A2919AC8F00C61CB4 /* Products */ = {
			isa = PBXGroup;
			children = (
				5ED0ED192919AC8F00C61CB4 /* receipe.app */,
			);
			name = Products;
			sourceTree = "<group>";
		};
		5ED0ED1B2919AC8F00C61CB4 /* receipe */ = {
			isa = PBXGroup;
			children = (
				5EF18F8E292E73EA003BB0B8 /* GoogleService-Info.plist */,
				5E538D14292D83AE00DD0EA3 /* Constants */,
				5EEAC7992922D22E00A8D72C /* Models */,
				5ECC9B3C2921A62F00518A4B /* Views */,
				5ED0ED1C2919AC8F00C61CB4 /* AppDelegate.swift */,
				5ED0ED1E2919AC8F00C61CB4 /* SceneDelegate.swift */,
				5ECC9B3B2921A5E200518A4B /* Controllers */,
				5ED0ED252919AC9000C61CB4 /* Assets.xcassets */,
				5ED0ED272919AC9000C61CB4 /* LaunchScreen.storyboard */,
				5ED0ED2A2919AC9000C61CB4 /* Info.plist */,
			);
			path = receipe;
			sourceTree = "<group>";
		};
		5EEAC7992922D22E00A8D72C /* Models */ = {
			isa = PBXGroup;
			children = (
				5EEAC7972922D0D200A8D72C /* Auth.swift */,
			);
			path = Models;
			sourceTree = "<group>";
		};
		BC4FEC8525BECD65651C5872 /* Frameworks */ = {
			isa = PBXGroup;
			children = (
				D5130F07F7A76989A1DB583F /* Pods_receipe.framework */,
			);
			name = Frameworks;
			sourceTree = "<group>";
		};
		E913D03F5FDC39B2FC2A108F /* Pods */ = {
			isa = PBXGroup;
			children = (
				6B1B0E058E19CE4A2C328C49 /* Pods-receipe.debug.xcconfig */,
				7BDED87FA62878B6E20FC974 /* Pods-receipe.release.xcconfig */,
			);
			path = Pods;
			sourceTree = "<group>";
		};
/* End PBXGroup section */

/* Begin PBXNativeTarget section */
		5ED0ED182919AC8F00C61CB4 /* receipe */ = {
			isa = PBXNativeTarget;
			buildConfigurationList = 5ED0ED2D2919AC9000C61CB4 /* Build configuration list for PBXNativeTarget "receipe" */;
			buildPhases = (
				D044462CDE6977BCB032A39F /* [CP] Check Pods Manifest.lock */,
				5ED0ED152919AC8F00C61CB4 /* Sources */,
				5ED0ED162919AC8F00C61CB4 /* Frameworks */,
				5ED0ED172919AC8F00C61CB4 /* Resources */,
				DD4D6D5C520A6741B7539A51 /* [CP] Embed Pods Frameworks */,
			);
			buildRules = (
			);
			dependencies = (
			);
			name = receipe;
			productName = receipe;
			productReference = 5ED0ED192919AC8F00C61CB4 /* receipe.app */;
			productType = "com.apple.product-type.application";
		};
/* End PBXNativeTarget section */

/* Begin PBXProject section */
		5ED0ED112919AC8F00C61CB4 /* Project object */ = {
			isa = PBXProject;
			attributes = {
				BuildIndependentTargetsInParallel = 1;
				LastSwiftUpdateCheck = 1410;
				LastUpgradeCheck = 1410;
				TargetAttributes = {
					5ED0ED182919AC8F00C61CB4 = {
						CreatedOnToolsVersion = 14.1;
					};
				};
			};
			buildConfigurationList = 5ED0ED142919AC8F00C61CB4 /* Build configuration list for PBXProject "receipe" */;
			compatibilityVersion = "Xcode 13.0";
			developmentRegion = en;
			hasScannedForEncodings = 0;
			knownRegions = (
				en,
				Base,
			);
			mainGroup = 5ED0ED102919AC8E00C61CB4;
			productRefGroup = 5ED0ED1A2919AC8F00C61CB4 /* Products */;
			projectDirPath = "";
			projectRoot = "";
			targets = (
				5ED0ED182919AC8F00C61CB4 /* receipe */,
			);
		};
/* End PBXProject section */

/* Begin PBXResourcesBuildPhase section */
		5ED0ED172919AC8F00C61CB4 /* Resources */ = {
			isa = PBXResourcesBuildPhase;
			buildActionMask = 2147483647;
			files = (
				5ED0ED292919AC9000C61CB4 /* LaunchScreen.storyboard in Resources */,
				5ED0ED262919AC9000C61CB4 /* Assets.xcassets in Resources */,
				5EF18F8F292E73EA003BB0B8 /* GoogleService-Info.plist in Resources */,
			);
			runOnlyForDeploymentPostprocessing = 0;
		};
/* End PBXResourcesBuildPhase section */

/* Begin PBXShellScriptBuildPhase section */
		D044462CDE6977BCB032A39F /* [CP] Check Pods Manifest.lock */ = {
			isa = PBXShellScriptBuildPhase;
			buildActionMask = 2147483647;
			files = (
			);
			inputFileListPaths = (
			);
			inputPaths = (
				"${PODS_PODFILE_DIR_PATH}/Podfile.lock",
				"${PODS_ROOT}/Manifest.lock",
			);
			name = "[CP] Check Pods Manifest.lock";
			outputFileListPaths = (
			);
			outputPaths = (
				"$(DERIVED_FILE_DIR)/Pods-receipe-checkManifestLockResult.txt",
			);
			runOnlyForDeploymentPostprocessing = 0;
			shellPath = /bin/sh;
			shellScript = "diff \"${PODS_PODFILE_DIR_PATH}/Podfile.lock\" \"${PODS_ROOT}/Manifest.lock\" > /dev/null\nif [ $? != 0 ] ; then\n    # print error to STDERR\n    echo \"error: The sandbox is not in sync with the Podfile.lock. Run 'pod install' or update your CocoaPods installation.\" >&2\n    exit 1\nfi\n# This output is used by Xcode 'outputs' to avoid re-running this script phase.\necho \"SUCCESS\" > \"${SCRIPT_OUTPUT_FILE_0}\"\n";
			showEnvVarsInLog = 0;
		};
		DD4D6D5C520A6741B7539A51 /* [CP] Embed Pods Frameworks */ = {
			isa = PBXShellScriptBuildPhase;
			buildActionMask = 2147483647;
			files = (
			);
			inputFileListPaths = (
				"${PODS_ROOT}/Target Support Files/Pods-receipe/Pods-receipe-frameworks-${CONFIGURATION}-input-files.xcfilelist",
			);
			name = "[CP] Embed Pods Frameworks";
			outputFileListPaths = (
				"${PODS_ROOT}/Target Support Files/Pods-receipe/Pods-receipe-frameworks-${CONFIGURATION}-output-files.xcfilelist",
			);
			runOnlyForDeploymentPostprocessing = 0;
			shellPath = /bin/sh;
			shellScript = "\"${PODS_ROOT}/Target Support Files/Pods-receipe/Pods-receipe-frameworks.sh\"\n";
			showEnvVarsInLog = 0;
		};
/* End PBXShellScriptBuildPhase section */

/* Begin PBXSourcesBuildPhase section */
		5ED0ED152919AC8F00C61CB4 /* Sources */ = {
			isa = PBXSourcesBuildPhase;
			buildActionMask = 2147483647;
			files = (
				5ED0ED212919AC8F00C61CB4 /* HomeViewController.swift in Sources */,
				5EA63192292437F30097049B /* Trends.swift in Sources */,
				5ED0ED1D2919AC8F00C61CB4 /* AppDelegate.swift in Sources */,
				5EA63194292594CE0097049B /* CustomTabBar.swift in Sources */,
				5E41DC1D292C266200587541 /* AuthViewController.swift in Sources */,
				5E538D16292D83C300DD0EA3 /* K.swift in Sources */,
				5EADB99B292038B7004E2F47 /* ProfileViewController.swift in Sources */,
				5ECC9B3E2921A64100518A4B /* RecipeCell.swift in Sources */,
				5EADB99D29203936004E2F47 /* CustomTabBarController.swift in Sources */,
				5E538D18292D93D100DD0EA3 /* RegisterViewController.swift in Sources */,
				5ED0ED1F2919AC8F00C61CB4 /* SceneDelegate.swift in Sources */,
				5EEAC79B2922D35200A8D72C /* LoginRegisterViewController.swift in Sources */,
				5EEAC7962922C97F00A8D72C /* AuthorizationButton.swift in Sources */,
				5EEAC7982922D0D200A8D72C /* Auth.swift in Sources */,
			);
			runOnlyForDeploymentPostprocessing = 0;
		};
/* End PBXSourcesBuildPhase section */

/* Begin PBXVariantGroup section */
		5ED0ED272919AC9000C61CB4 /* LaunchScreen.storyboard */ = {
			isa = PBXVariantGroup;
			children = (
				5ED0ED282919AC9000C61CB4 /* Base */,
			);
			name = LaunchScreen.storyboard;
			sourceTree = "<group>";
		};
/* End PBXVariantGroup section */

/* Begin XCBuildConfiguration section */
		5ED0ED2B2919AC9000C61CB4 /* Debug */ = {
			isa = XCBuildConfiguration;
			buildSettings = {
				ALWAYS_SEARCH_USER_PATHS = NO;
				CLANG_ANALYZER_NONNULL = YES;
				CLANG_ANALYZER_NUMBER_OBJECT_CONVERSION = YES_AGGRESSIVE;
				CLANG_CXX_LANGUAGE_STANDARD = "gnu++20";
				CLANG_ENABLE_MODULES = YES;
				CLANG_ENABLE_OBJC_ARC = YES;
				CLANG_ENABLE_OBJC_WEAK = YES;
				CLANG_WARN_BLOCK_CAPTURE_AUTORELEASING = YES;
				CLANG_WARN_BOOL_CONVERSION = YES;
				CLANG_WARN_COMMA = YES;
				CLANG_WARN_CONSTANT_CONVERSION = YES;
				CLANG_WARN_DEPRECATED_OBJC_IMPLEMENTATIONS = YES;
				CLANG_WARN_DIRECT_OBJC_ISA_USAGE = YES_ERROR;
				CLANG_WARN_DOCUMENTATION_COMMENTS = YES;
				CLANG_WARN_EMPTY_BODY = YES;
				CLANG_WARN_ENUM_CONVERSION = YES;
				CLANG_WARN_INFINITE_RECURSION = YES;
				CLANG_WARN_INT_CONVERSION = YES;
				CLANG_WARN_NON_LITERAL_NULL_CONVERSION = YES;
				CLANG_WARN_OBJC_IMPLICIT_RETAIN_SELF = YES;
				CLANG_WARN_OBJC_LITERAL_CONVERSION = YES;
				CLANG_WARN_OBJC_ROOT_CLASS = YES_ERROR;
				CLANG_WARN_QUOTED_INCLUDE_IN_FRAMEWORK_HEADER = YES;
				CLANG_WARN_RANGE_LOOP_ANALYSIS = YES;
				CLANG_WARN_STRICT_PROTOTYPES = YES;
				CLANG_WARN_SUSPICIOUS_MOVE = YES;
				CLANG_WARN_UNGUARDED_AVAILABILITY = YES_AGGRESSIVE;
				CLANG_WARN_UNREACHABLE_CODE = YES;
				CLANG_WARN__DUPLICATE_METHOD_MATCH = YES;
				COPY_PHASE_STRIP = NO;
				DEBUG_INFORMATION_FORMAT = dwarf;
				ENABLE_STRICT_OBJC_MSGSEND = YES;
				ENABLE_TESTABILITY = YES;
				GCC_C_LANGUAGE_STANDARD = gnu11;
				GCC_DYNAMIC_NO_PIC = NO;
				GCC_NO_COMMON_BLOCKS = YES;
				GCC_OPTIMIZATION_LEVEL = 0;
				GCC_PREPROCESSOR_DEFINITIONS = (
					"DEBUG=1",
					"$(inherited)",
				);
				GCC_WARN_64_TO_32_BIT_CONVERSION = YES;
				GCC_WARN_ABOUT_RETURN_TYPE = YES_ERROR;
				GCC_WARN_UNDECLARED_SELECTOR = YES;
				GCC_WARN_UNINITIALIZED_AUTOS = YES_AGGRESSIVE;
				GCC_WARN_UNUSED_FUNCTION = YES;
				GCC_WARN_UNUSED_VARIABLE = YES;
				IPHONEOS_DEPLOYMENT_TARGET = 16.1;
				MTL_ENABLE_DEBUG_INFO = INCLUDE_SOURCE;
				MTL_FAST_MATH = YES;
				ONLY_ACTIVE_ARCH = YES;
				SDKROOT = iphoneos;
				SWIFT_ACTIVE_COMPILATION_CONDITIONS = DEBUG;
				SWIFT_OPTIMIZATION_LEVEL = "-Onone";
			};
			name = Debug;
		};
		5ED0ED2C2919AC9000C61CB4 /* Release */ = {
			isa = XCBuildConfiguration;
			buildSettings = {
				ALWAYS_SEARCH_USER_PATHS = NO;
				CLANG_ANALYZER_NONNULL = YES;
				CLANG_ANALYZER_NUMBER_OBJECT_CONVERSION = YES_AGGRESSIVE;
				CLANG_CXX_LANGUAGE_STANDARD = "gnu++20";
				CLANG_ENABLE_MODULES = YES;
				CLANG_ENABLE_OBJC_ARC = YES;
				CLANG_ENABLE_OBJC_WEAK = YES;
				CLANG_WARN_BLOCK_CAPTURE_AUTORELEASING = YES;
				CLANG_WARN_BOOL_CONVERSION = YES;
				CLANG_WARN_COMMA = YES;
				CLANG_WARN_CONSTANT_CONVERSION = YES;
				CLANG_WARN_DEPRECATED_OBJC_IMPLEMENTATIONS = YES;
				CLANG_WARN_DIRECT_OBJC_ISA_USAGE = YES_ERROR;
				CLANG_WARN_DOCUMENTATION_COMMENTS = YES;
				CLANG_WARN_EMPTY_BODY = YES;
				CLANG_WARN_ENUM_CONVERSION = YES;
				CLANG_WARN_INFINITE_RECURSION = YES;
				CLANG_WARN_INT_CONVERSION = YES;
				CLANG_WARN_NON_LITERAL_NULL_CONVERSION = YES;
				CLANG_WARN_OBJC_IMPLICIT_RETAIN_SELF = YES;
				CLANG_WARN_OBJC_LITERAL_CONVERSION = YES;
				CLANG_WARN_OBJC_ROOT_CLASS = YES_ERROR;
				CLANG_WARN_QUOTED_INCLUDE_IN_FRAMEWORK_HEADER = YES;
				CLANG_WARN_RANGE_LOOP_ANALYSIS = YES;
				CLANG_WARN_STRICT_PROTOTYPES = YES;
				CLANG_WARN_SUSPICIOUS_MOVE = YES;
				CLANG_WARN_UNGUARDED_AVAILABILITY = YES_AGGRESSIVE;
				CLANG_WARN_UNREACHABLE_CODE = YES;
				CLANG_WARN__DUPLICATE_METHOD_MATCH = YES;
				COPY_PHASE_STRIP = NO;
				DEBUG_INFORMATION_FORMAT = "dwarf-with-dsym";
				ENABLE_NS_ASSERTIONS = NO;
				ENABLE_STRICT_OBJC_MSGSEND = YES;
				GCC_C_LANGUAGE_STANDARD = gnu11;
				GCC_NO_COMMON_BLOCKS = YES;
				GCC_WARN_64_TO_32_BIT_CONVERSION = YES;
				GCC_WARN_ABOUT_RETURN_TYPE = YES_ERROR;
				GCC_WARN_UNDECLARED_SELECTOR = YES;
				GCC_WARN_UNINITIALIZED_AUTOS = YES_AGGRESSIVE;
				GCC_WARN_UNUSED_FUNCTION = YES;
				GCC_WARN_UNUSED_VARIABLE = YES;
				IPHONEOS_DEPLOYMENT_TARGET = 16.1;
				MTL_ENABLE_DEBUG_INFO = NO;
				MTL_FAST_MATH = YES;
				SDKROOT = iphoneos;
				SWIFT_COMPILATION_MODE = wholemodule;
				SWIFT_OPTIMIZATION_LEVEL = "-O";
				VALIDATE_PRODUCT = YES;
			};
			name = Release;
		};
		5ED0ED2E2919AC9000C61CB4 /* Debug */ = {
			isa = XCBuildConfiguration;
			baseConfigurationReference = 6B1B0E058E19CE4A2C328C49 /* Pods-receipe.debug.xcconfig */;
			buildSettings = {
				ASSETCATALOG_COMPILER_APPICON_NAME = AppIcon;
				ASSETCATALOG_COMPILER_GLOBAL_ACCENT_COLOR_NAME = AccentColor;
				CODE_SIGN_STYLE = Automatic;
				CURRENT_PROJECT_VERSION = 1;
				GENERATE_INFOPLIST_FILE = YES;
				INFOPLIST_FILE = receipe/Info.plist;
				INFOPLIST_KEY_CFBundleDisplayName = Recipes;
				INFOPLIST_KEY_UIApplicationSupportsIndirectInputEvents = YES;
				INFOPLIST_KEY_UILaunchStoryboardName = LaunchScreen.storyboard;
				INFOPLIST_KEY_UIMainStoryboardFile = "";
				INFOPLIST_KEY_UISupportedInterfaceOrientations = UIInterfaceOrientationPortrait;
				IPHONEOS_DEPLOYMENT_TARGET = 13.0;
				LD_RUNPATH_SEARCH_PATHS = (
					"$(inherited)",
					"@executable_path/Frameworks",
				);
				MARKETING_VERSION = 1.0;
				PRODUCT_BUNDLE_IDENTIFIER = com.georgemff.recipe;
				PRODUCT_NAME = "$(TARGET_NAME)";
				SWIFT_EMIT_LOC_STRINGS = YES;
				SWIFT_VERSION = 5.0;
				TARGETED_DEVICE_FAMILY = "1,2";
			};
			name = Debug;
		};
		5ED0ED2F2919AC9000C61CB4 /* Release */ = {
			isa = XCBuildConfiguration;
			baseConfigurationReference = 7BDED87FA62878B6E20FC974 /* Pods-receipe.release.xcconfig */;
			buildSettings = {
				ASSETCATALOG_COMPILER_APPICON_NAME = AppIcon;
				ASSETCATALOG_COMPILER_GLOBAL_ACCENT_COLOR_NAME = AccentColor;
				CODE_SIGN_STYLE = Automatic;
				CURRENT_PROJECT_VERSION = 1;
				GENERATE_INFOPLIST_FILE = YES;
				INFOPLIST_FILE = receipe/Info.plist;
				INFOPLIST_KEY_CFBundleDisplayName = Recipes;
				INFOPLIST_KEY_UIApplicationSupportsIndirectInputEvents = YES;
				INFOPLIST_KEY_UILaunchStoryboardName = LaunchScreen.storyboard;
				INFOPLIST_KEY_UIMainStoryboardFile = "";
				INFOPLIST_KEY_UISupportedInterfaceOrientations = UIInterfaceOrientationPortrait;
				IPHONEOS_DEPLOYMENT_TARGET = 13.0;
				LD_RUNPATH_SEARCH_PATHS = (
					"$(inherited)",
					"@executable_path/Frameworks",
				);
				MARKETING_VERSION = 1.0;
				PRODUCT_BUNDLE_IDENTIFIER = com.georgemff.recipe;
				PRODUCT_NAME = "$(TARGET_NAME)";
				SWIFT_EMIT_LOC_STRINGS = YES;
				SWIFT_VERSION = 5.0;
				TARGETED_DEVICE_FAMILY = "1,2";
			};
			name = Release;
		};
/* End XCBuildConfiguration section */

/* Begin XCConfigurationList section */
		5ED0ED142919AC8F00C61CB4 /* Build configuration list for PBXProject "receipe" */ = {
			isa = XCConfigurationList;
			buildConfigurations = (
				5ED0ED2B2919AC9000C61CB4 /* Debug */,
				5ED0ED2C2919AC9000C61CB4 /* Release */,
			);
			defaultConfigurationIsVisible = 0;
			defaultConfigurationName = Release;
		};
		5ED0ED2D2919AC9000C61CB4 /* Build configuration list for PBXNativeTarget "receipe" */ = {
			isa = XCConfigurationList;
			buildConfigurations = (
				5ED0ED2E2919AC9000C61CB4 /* Debug */,
				5ED0ED2F2919AC9000C61CB4 /* Release */,
			);
			defaultConfigurationIsVisible = 0;
			defaultConfigurationName = Release;
		};
/* End XCConfigurationList section */
	};
	rootObject = 5ED0ED112919AC8F00C61CB4 /* Project object */;
}
